
Microsoft Visual Studio Solution File, Format Version 12.00
Project("{FAE04EC0-301F-11D3-BF4B-00C04F79EFBC}") = "SchoolTelegramBot", "SchoolTelegramBot\SchoolTelegramBot.csproj", "{6C647DA3-845C-4F5A-A60F-6A92E3F56620}"
EndProject
Project("{FAE04EC0-301F-11D3-BF4B-00C04F79EFBC}") = "LessonsAutoFill", "LessonsAutoFill\LessonsAutoFill.csproj", "{CBAAAA0A-A4EB-4BB1-8D87-607FD790EF50}"
EndProject
Global
	GlobalSection(SolutionConfigurationPlatforms) = preSolution
		Debug|Any CPU = Debug|Any CPU
		Release|Any CPU = Release|Any CPU
	EndGlobalSection
	GlobalSection(ProjectConfigurationPlatforms) = postSolution
		{6C647DA3-845C-4F5A-A60F-6A92E3F56620}.Debug|Any CPU.ActiveCfg = Debug|Any CPU
		{6C647DA3-845C-4F5A-A60F-6A92E3F56620}.Debug|Any CPU.Build.0 = Debug|Any CPU
		{6C647DA3-845C-4F5A-A60F-6A92E3F56620}.Release|Any CPU.ActiveCfg = Release|Any CPU
		{6C647DA3-845C-4F5A-A60F-6A92E3F56620}.Release|Any CPU.Build.0 = Release|Any CPU
		{CBAAAA0A-A4EB-4BB1-8D87-607FD790EF50}.Debug|Any CPU.ActiveCfg = Debug|Any CPU
		{CBAAAA0A-A4EB-4BB1-8D87-607FD790EF50}.Debug|Any CPU.Build.0 = Debug|Any CPU
		{CBAAAA0A-A4EB-4BB1-8D87-607FD790EF50}.Release|Any CPU.ActiveCfg = Release|Any CPU
		{CBAAAA0A-A4EB-4BB1-8D87-607FD790EF50}.Release|Any CPU.Build.0 = Release|Any CPU
	EndGlobalSection
EndGlobal
